
Microsoft Visual Studio Solution File, Format Version 12.00
Project("{FAE04EC0-301F-11D3-BF4B-00C04F79EFBC}") = "MailServerTester", "MailServerTester.csproj", "{11408A6C-D80B-432D-845C-4EBA079165C0}"
EndProject
Global
	GlobalSection(SolutionConfigurationPlatforms) = preSolution
		Debug|Any CPU = Debug|Any CPU
		Release|Any CPU = Release|Any CPU
	EndGlobalSection
	GlobalSection(ProjectConfigurationPlatforms) = postSolution
		{11408A6C-D80B-432D-845C-4EBA079165C0}.Debug|Any CPU.ActiveCfg = Debug|Any CPU
		{11408A6C-D80B-432D-845C-4EBA079165C0}.Debug|Any CPU.Build.0 = Debug|Any CPU
		{11408A6C-D80B-432D-845C-4EBA079165C0}.Release|Any CPU.ActiveCfg = Release|Any CPU
		{11408A6C-D80B-432D-845C-4EBA079165C0}.Release|Any CPU.Build.0 = Release|Any CPU
	EndGlobalSection
EndGlobal
